
Microsoft Visual Studio Solution File, Format Version 12.00
# Visual Studio 15
VisualStudioVersion = 15.0.27004.2006
MinimumVisualStudioVersion = 10.0.40219.1
Project("{FAE04EC0-301F-11D3-BF4B-00C04F79EFBC}") = "Altairis.AskMe.Web", "Altairis.AskMe.Web\Altairis.AskMe.Web.csproj", "{5D4455EF-224E-4982-8E6B-FA6DAF6D65D2}"
EndProject
Project("{FAE04EC0-301F-11D3-BF4B-00C04F79EFBC}") = "Altairis.AskMe.Data", "Altairis.AskMe.Data\Altairis.AskMe.Data.csproj", "{0AF0AE8C-874E-4E80-ACB3-B739DF25F293}"
EndProject
Project("{2150E333-8FDC-42A3-9474-1A3956D46DE8}") = "Solution Items", "Solution Items", "{442FA162-7A6B-4EC2-9D91-2801BCBFA037}"
	ProjectSection(SolutionItems) = preProject
		.gitignore = .gitignore
		LICENSE = LICENSE
		README.md = README.md
	EndProjectSection
EndProject
Global
	GlobalSection(SolutionConfigurationPlatforms) = preSolution
		Debug|Any CPU = Debug|Any CPU
		Release|Any CPU = Release|Any CPU
	EndGlobalSection
	GlobalSection(ProjectConfigurationPlatforms) = postSolution
		{5D4455EF-224E-4982-8E6B-FA6DAF6D65D2}.Debug|Any CPU.ActiveCfg = Debug|Any CPU
		{5D4455EF-224E-4982-8E6B-FA6DAF6D65D2}.Debug|Any CPU.Build.0 = Debug|Any CPU
		{5D4455EF-224E-4982-8E6B-FA6DAF6D65D2}.Release|Any CPU.ActiveCfg = Release|Any CPU
		{5D4455EF-224E-4982-8E6B-FA6DAF6D65D2}.Release|Any CPU.Build.0 = Release|Any CPU
		{0AF0AE8C-874E-4E80-ACB3-B739DF25F293}.Debug|Any CPU.ActiveCfg = Debug|Any CPU
		{0AF0AE8C-874E-4E80-ACB3-B739DF25F293}.Debug|Any CPU.Build.0 = Debug|Any CPU
		{0AF0AE8C-874E-4E80-ACB3-B739DF25F293}.Release|Any CPU.ActiveCfg = Release|Any CPU
		{0AF0AE8C-874E-4E80-ACB3-B739DF25F293}.Release|Any CPU.Build.0 = Release|Any CPU
	EndGlobalSection
	GlobalSection(SolutionProperties) = preSolution
		HideSolutionNode = FALSE
	EndGlobalSection
	GlobalSection(ExtensibilityGlobals) = postSolution
		SolutionGuid = {F57ECE7F-32E7-440B-81CD-6266928C13F6}
	EndGlobalSection
EndGlobal
