
Microsoft Visual Studio Solution File, Format Version 12.00
# Visual Studio Version 16
VisualStudioVersion = 16.0.28922.388
MinimumVisualStudioVersion = 10.0.40219.1
Project("{9A19103F-16F7-4668-BE54-9A1E7A4F7556}") = "Altairis.AskMe.Data", "Altairis.AskMe.Data\Altairis.AskMe.Data.csproj", "{0AF0AE8C-874E-4E80-ACB3-B739DF25F293}"
EndProject
Project("{2150E333-8FDC-42A3-9474-1A3956D46DE8}") = "Solution Items", "Solution Items", "{442FA162-7A6B-4EC2-9D91-2801BCBFA037}"
	ProjectSection(SolutionItems) = preProject
		.editorconfig = .editorconfig
		.gitignore = .gitignore
		CODE_OF_CONDUCT.md = CODE_OF_CONDUCT.md
		LICENSE = LICENSE
		README.md = README.md
	EndProjectSection
EndProject
Project("{9A19103F-16F7-4668-BE54-9A1E7A4F7556}") = "Altairis.AskMe.Web.RazorPages", "Altairis.AskMe.Web.RazorPages\Altairis.AskMe.Web.RazorPages.csproj", "{1A98B339-D2E1-4853-B28B-BE24D3EF9463}"
EndProject
Project("{9A19103F-16F7-4668-BE54-9A1E7A4F7556}") = "Altairis.AskMe.Web.Mvc", "Altairis.AskMe.Web.Mvc\Altairis.AskMe.Web.Mvc.csproj", "{5D4CED8D-6EA3-448F-A965-13CE929D9F20}"
EndProject
Project("{FAE04EC0-301F-11D3-BF4B-00C04F79EFBC}") = "Havit.AskMe.Web.Blazor.Server", "Havit.AskMe.Web.Blazor.Server\Havit.AskMe.Web.Blazor.Server.csproj", "{E29E1C38-9F7B-48E0-8734-BB2ADAF8AD9F}"
EndProject
Project("{FAE04EC0-301F-11D3-BF4B-00C04F79EFBC}") = "Havit.AskMe.Web.Blazor.Client", "Havit.AskMe.Web.Blazor.Client\Havit.AskMe.Web.Blazor.Client.csproj", "{E5ECA9CF-C7F8-44BE-95E4-5C8B5F028A40}"
EndProject
Project("{FAE04EC0-301F-11D3-BF4B-00C04F79EFBC}") = "Havit.AskMe.Web.Blazor.Shared", "Havit.AskMe.Web.Blazor.Shared\Havit.AskMe.Web.Blazor.Shared.csproj", "{193CCAF3-6221-48F0-A490-F276DD353B67}"
EndProject
Global
	GlobalSection(SolutionConfigurationPlatforms) = preSolution
		Debug|Any CPU = Debug|Any CPU
		Release|Any CPU = Release|Any CPU
	EndGlobalSection
	GlobalSection(ProjectConfigurationPlatforms) = postSolution
		{0AF0AE8C-874E-4E80-ACB3-B739DF25F293}.Debug|Any CPU.ActiveCfg = Debug|Any CPU
		{0AF0AE8C-874E-4E80-ACB3-B739DF25F293}.Debug|Any CPU.Build.0 = Debug|Any CPU
		{0AF0AE8C-874E-4E80-ACB3-B739DF25F293}.Release|Any CPU.ActiveCfg = Release|Any CPU
		{0AF0AE8C-874E-4E80-ACB3-B739DF25F293}.Release|Any CPU.Build.0 = Release|Any CPU
		{1A98B339-D2E1-4853-B28B-BE24D3EF9463}.Debug|Any CPU.ActiveCfg = Debug|Any CPU
		{1A98B339-D2E1-4853-B28B-BE24D3EF9463}.Debug|Any CPU.Build.0 = Debug|Any CPU
		{1A98B339-D2E1-4853-B28B-BE24D3EF9463}.Release|Any CPU.ActiveCfg = Release|Any CPU
		{1A98B339-D2E1-4853-B28B-BE24D3EF9463}.Release|Any CPU.Build.0 = Release|Any CPU
		{5D4CED8D-6EA3-448F-A965-13CE929D9F20}.Debug|Any CPU.ActiveCfg = Debug|Any CPU
		{5D4CED8D-6EA3-448F-A965-13CE929D9F20}.Debug|Any CPU.Build.0 = Debug|Any CPU
		{5D4CED8D-6EA3-448F-A965-13CE929D9F20}.Release|Any CPU.ActiveCfg = Release|Any CPU
		{5D4CED8D-6EA3-448F-A965-13CE929D9F20}.Release|Any CPU.Build.0 = Release|Any CPU
		{E29E1C38-9F7B-48E0-8734-BB2ADAF8AD9F}.Debug|Any CPU.ActiveCfg = Debug|Any CPU
		{E29E1C38-9F7B-48E0-8734-BB2ADAF8AD9F}.Debug|Any CPU.Build.0 = Debug|Any CPU
		{E29E1C38-9F7B-48E0-8734-BB2ADAF8AD9F}.Release|Any CPU.ActiveCfg = Release|Any CPU
		{E29E1C38-9F7B-48E0-8734-BB2ADAF8AD9F}.Release|Any CPU.Build.0 = Release|Any CPU
		{E5ECA9CF-C7F8-44BE-95E4-5C8B5F028A40}.Debug|Any CPU.ActiveCfg = Debug|Any CPU
		{E5ECA9CF-C7F8-44BE-95E4-5C8B5F028A40}.Debug|Any CPU.Build.0 = Debug|Any CPU
		{E5ECA9CF-C7F8-44BE-95E4-5C8B5F028A40}.Release|Any CPU.ActiveCfg = Release|Any CPU
		{E5ECA9CF-C7F8-44BE-95E4-5C8B5F028A40}.Release|Any CPU.Build.0 = Release|Any CPU
		{193CCAF3-6221-48F0-A490-F276DD353B67}.Debug|Any CPU.ActiveCfg = Debug|Any CPU
		{193CCAF3-6221-48F0-A490-F276DD353B67}.Debug|Any CPU.Build.0 = Debug|Any CPU
		{193CCAF3-6221-48F0-A490-F276DD353B67}.Release|Any CPU.ActiveCfg = Release|Any CPU
		{193CCAF3-6221-48F0-A490-F276DD353B67}.Release|Any CPU.Build.0 = Release|Any CPU
	EndGlobalSection
	GlobalSection(SolutionProperties) = preSolution
		HideSolutionNode = FALSE
	EndGlobalSection
	GlobalSection(ExtensibilityGlobals) = postSolution
		SolutionGuid = {F57ECE7F-32E7-440B-81CD-6266928C13F6}
	EndGlobalSection
EndGlobal
